lockfile_version: '1'
generated_at: '2026-10-10T10:43:21.607532+00:00'
apm_version: 0.33.0
dependencies:
- repo_url: dotnet/skills
  name: b7b5400a22d3356b
  host: github.com
  resolved_commit: 1d40f95ed0f2cdedfa4c9b2614b7c2035a4323cb
  version: 1d40f95
  package_type: apm_package
  content_hash: sha256:f771684f1bafa1778f5236a96405e11c9d55c316f18792811b946ae400c7a690
- repo_url: github/awesome-copilot
  name: awesome-copilot-api-architect
  host: github.com
  resolved_commit: 143a3d976b3c1603cc8932984d5e1f28501cb5fc
  version: 1.0.0
  virtual_path: agents/api-architect.agent.md
  is_virtual: true
  package_type: apm_package
  deployed_files:
  - .claude/agents/api-architect.md
  - .codex/agents/api-architect.toml
  - .github/agents/api-architect.agent.md
  deployed_file_hashes:
    .claude/agents/api-architect.md: sha256:0a503c0c0d18b1e78645262e12d70857978f14463e1bbb1db8fc80451ed50e41
    .codex/agents/api-architect.toml: sha256:a067567cb324a19484096a72d29f85bc00affebb74a07a6be8b2908c18f22e85
    .github/agents/api-architect.agent.md: sha256:0a503c0c0d18b1e78645262e12d70857978f14463e1bbb1db8fc80451ed50e41
  content_hash: sha256:9737dd83c02900b1f1f4ed0ca6aeb438f90a1d36d20272f83cf4d52fe270e2b1
- repo_url: tfsugjp/skills
  name: github-plan-wiki
  host: github.com
  resolved_commit: dae0fcd265e76953176ff2820c618b85883f839a
  version: 0.1.1
  virtual_path: plugins/github-plan-wiki
  is_virtual: true
  package_type: marketplace_plugin
  deployed_files:
  - .agents/skills/github-plan-issues
  - .agents/skills/github-plan-issues/SKILL.md
  - .agents/skills/github-plan-issues/references/gh-subissue-commands.md
  - .agents/skills/github-plan-issues/scripts/validate_body.py
  - .agents/skills/github-wiki-plan
  - .agents/skills/github-wiki-plan/SKILL.md
  - .agents/skills/github-wiki-plan/scripts/validate_wiki.py
  - .agents/skills/github-wiki-plan/templates/home.md
  - .agents/skills/github-wiki-plan/templates/home_ja.md
  - .agents/skills/github-wiki-plan/templates/plan-page.md
  - .agents/skills/github-wiki-plan/tests/test_wiki_links.py
  - .claude/skills/github-plan-issues
  - .claude/skills/github-plan-issues/SKILL.md
  - .claude/skills/github-plan-issues/references/gh-subissue-commands.md
  - .claude/skills/github-plan-issues/scripts/validate_body.py
  - .claude/skills/github-wiki-plan
  - .claude/skills/github-wiki-plan/SKILL.md
  - .claude/skills/github-wiki-plan/scripts/validate_wiki.py
  - .claude/skills/github-wiki-plan/templates/home.md
  - .claude/skills/github-wiki-plan/templates/home_ja.md
  - .claude/skills/github-wiki-plan/templates/plan-page.md
  - .claude/skills/github-wiki-plan/tests/test_wiki_links.py
  deployed_file_hashes:
    .agents/skills/github-plan-issues/SKILL.md: sha256:8f45125c9ecd51c5ec3b5b84781084ad94bdb4d39dc0d9d1e5e4852c392c7d7c
    .agents/skills/github-plan-issues/references/gh-subissue-commands.md: sha256:abde9e32cde71880cc00aeaefcb5471ab67d91a047f564017c56eab3afaa315e
    .agents/skills/github-plan-issues/scripts/validate_body.py: sha256:6e6bbb603ef4f1ed89a4c3f22bf48e57627278b9c00e57764500e6c83dc6e1b5
    .agents/skills/github-wiki-plan/SKILL.md: sha256:aa1d43ce3424dc340c73a8cf7e1cb04fa833b314a04bb90fd1a16ad8cc8342e1
    .agents/skills/github-wiki-plan/scripts/validate_wiki.py: sha256:f5d39396fb73302adbc2a50cfd55e00c3be6a099695a121221aa2124262ab65b
    .agents/skills/github-wiki-plan/templates/home.md: sha256:9cd9da840f136f516f949cf15af96ed2f6ba8218278459c8c5395397549dd5b9
    .agents/skills/github-wiki-plan/templates/home_ja.md: sha256:6a75a1870e9cf466cf0a189b69d00d71d9c9b458b52fbf166d1189bf0cf3d051
    .agents/skills/github-wiki-plan/templates/plan-page.md: sha256:8a3bfaf287d2204b1039abc9ed945b2d8b5c23b5b43211fbc68daba5f92ff9d4
    .agents/skills/github-wiki-plan/tests/test_wiki_links.py: sha256:638d037351acd8d2bb9bcab5976d94c89948e53a6ca35b2ea4dd0de19bd8d05f
    .claude/skills/github-plan-issues/SKILL.md: sha256:8f45125c9ecd51c5ec3b5b84781084ad94bdb4d39dc0d9d1e5e4852c392c7d7c
    .claude/skills/github-plan-issues/references/gh-subissue-commands.md: sha256:abde9e32cde71880cc00aeaefcb5471ab67d91a047f564017c56eab3afaa315e
    .claude/skills/github-plan-issues/scripts/validate_body.py: sha256:6e6bbb603ef4f1ed89a4c3f22bf48e57627278b9c00e57764500e6c83dc6e1b5
    .claude/skills/github-wiki-plan/SKILL.md: sha256:aa1d43ce3424dc340c73a8cf7e1cb04fa833b314a04bb90fd1a16ad8cc8342e1
    .claude/skills/github-wiki-plan/scripts/validate_wiki.py: sha256:f5d39396fb73302adbc2a50cfd55e00c3be6a099695a121221aa2124262ab65b
    .claude/skills/github-wiki-plan/templates/home.md: sha256:9cd9da840f136f516f949cf15af96ed2f6ba8218278459c8c5395397549dd5b9
    .claude/skills/github-wiki-plan/templates/home_ja.md: sha256:6a75a1870e9cf466cf0a189b69d00d71d9c9b458b52fbf166d1189bf0cf3d051
    .claude/skills/github-wiki-plan/templates/plan-page.md: sha256:8a3bfaf287d2204b1039abc9ed945b2d8b5c23b5b43211fbc68daba5f92ff9d4
    .claude/skills/github-wiki-plan/tests/test_wiki_links.py: sha256:638d037351acd8d2bb9bcab5976d94c89948e53a6ca35b2ea4dd0de19bd8d05f
  content_hash: sha256:bec8ef8ddee8b91abc7e38e50166d29b60d356f5197a813ddaec786b37d6812c
  is_dev: true
  discovered_via: tfsugjp-agent-skills
  marketplace_plugin_name: github-plan-wiki
  declared_license: MIT
deployments:
- kind: project-relative
  target: claude
  value: .claude/agents/api-architect.md
  runtime: null
  scope: project
  owners:
  - github/awesome-copilot/agents/api-architect.agent.md
  active_owner: github/awesome-copilot/agents/api-architect.agent.md
  content_hash: sha256:0a503c0c0d18b1e78645262e12d70857978f14463e1bbb1db8fc80451ed50e41
- kind: project-relative
  target: claude
  value: .claude/skills/github-plan-issues
  runtime: null
  scope: project
  owners:
  - tfsugjp/skills/plugins/github-plan-wiki
  active_owner: tfsugjp/skills/plugins/github-plan-wiki
  content_hash: null
- kind: project-relative
  target: claude
  value: .claude/skills/github-plan-issues/SKILL.md
  runtime: null
  scope: project
  owners:
  - tfsugjp/skills/plugins/github-plan-wiki
  active_owner: tfsugjp/skills/plugins/github-plan-wiki
  content_hash: sha256:8f45125c9ecd51c5ec3b5b84781084ad94bdb4d39dc0d9d1e5e4852c392c7d7c
- kind: project-relative
  target: claude
  value: .claude/skills/github-plan-issues/references/gh-subissue-commands.md
  runtime: null
  scope: project
  owners:
  - tfsugjp/skills/plugins/github-plan-wiki
  active_owner: tfsugjp/skills/plugins/github-plan-wiki
  content_hash: sha256:abde9e32cde71880cc00aeaefcb5471ab67d91a047f564017c56eab3afaa315e
- kind: project-relative
  target: claude
  value: .claude/skills/github-plan-issues/scripts/validate_body.py
  runtime: null
  scope: project
  owners:
  - tfsugjp/skills/plugins/github-plan-wiki
  active_owner: tfsugjp/skills/plugins/github-plan-wiki
  content_hash: sha256:6e6bbb603ef4f1ed89a4c3f22bf48e57627278b9c00e57764500e6c83dc6e1b5
- kind: project-relative
  target: claude
  value: .claude/skills/github-wiki-plan
  runtime: null
  scope: project
  owners:
  - tfsugjp/skills/plugins/github-plan-wiki
  active_owner: tfsugjp/skills/plugins/github-plan-wiki
  content_hash: null
- kind: project-relative
  target: claude
  value: .claude/skills/github-wiki-plan/SKILL.md
  runtime: null
  scope: project
  owners:
  - tfsugjp/skills/plugins/github-plan-wiki
  active_owner: tfsugjp/skills/plugins/github-plan-wiki
  content_hash: sha256:aa1d43ce3424dc340c73a8cf7e1cb04fa833b314a04bb90fd1a16ad8cc8342e1
- kind: project-relative
  target: claude
  value: .claude/skills/github-wiki-plan/scripts/validate_wiki.py
  runtime: null
  scope: project
  owners:
  - tfsugjp/skills/plugins/github-plan-wiki
  active_owner: tfsugjp/skills/plugins/github-plan-wiki
  content_hash: sha256:f5d39396fb73302adbc2a50cfd55e00c3be6a099695a121221aa2124262ab65b
- kind: project-relative
  target: claude
  value: .claude/skills/github-wiki-plan/templates/home.md
  runtime: null
  scope: project
  owners:
  - tfsugjp/skills/plugins/github-plan-wiki
  active_owner: tfsugjp/skills/plugins/github-plan-wiki
  content_hash: sha256:9cd9da840f136f516f949cf15af96ed2f6ba8218278459c8c5395397549dd5b9
- kind: project-relative
  target: claude
  value: .claude/skills/github-wiki-plan/templates/home_ja.md
  runtime: null
  scope: project
  owners:
  - tfsugjp/skills/plugins/github-plan-wiki
  active_owner: tfsugjp/skills/plugins/github-plan-wiki
  content_hash: sha256:6a75a1870e9cf466cf0a189b69d00d71d9c9b458b52fbf166d1189bf0cf3d051
- kind: project-relative
  target: claude
  value: .claude/skills/github-wiki-plan/templates/plan-page.md
  runtime: null
  scope: project
  owners:
  - tfsugjp/skills/plugins/github-plan-wiki
  active_owner: tfsugjp/skills/plugins/github-plan-wiki
  content_hash: sha256:8a3bfaf287d2204b1039abc9ed945b2d8b5c23b5b43211fbc68daba5f92ff9d4
- kind: project-relative
  target: claude
  value: .claude/skills/github-wiki-plan/tests/test_wiki_links.py
  runtime: null
  scope: project
  owners:
  - tfsugjp/skills/plugins/github-plan-wiki
  active_owner: tfsugjp/skills/plugins/github-plan-wiki
  content_hash: sha256:638d037351acd8d2bb9bcab5976d94c89948e53a6ca35b2ea4dd0de19bd8d05f
- kind: project-relative
  target: codex
  value: .agents/skills/github-plan-issues
  runtime: null
  scope: project
  owners:
  - tfsugjp/skills/plugins/github-plan-wiki
  active_owner: tfsugjp/skills/plugins/github-plan-wiki
  content_hash: null
- kind: project-relative
  target: codex
  value: .agents/skills/github-plan-issues/SKILL.md
  runtime: null
  scope: project
  owners:
  - tfsugjp/skills/plugins/github-plan-wiki
  active_owner: tfsugjp/skills/plugins/github-plan-wiki
  content_hash: sha256:8f45125c9ecd51c5ec3b5b84781084ad94bdb4d39dc0d9d1e5e4852c392c7d7c
- kind: project-relative
  target: codex
  value: .agents/skills/github-plan-issues/references/gh-subissue-commands.md
  runtime: null
  scope: project
  owners:
  - tfsugjp/skills/plugins/github-plan-wiki
  active_owner: tfsugjp/skills/plugins/github-plan-wiki
  content_hash: sha256:abde9e32cde71880cc00aeaefcb5471ab67d91a047f564017c56eab3afaa315e
- kind: project-relative
  target: codex
  value: .agents/skills/github-plan-issues/scripts/validate_body.py
  runtime: null
  scope: project
  owners:
  - tfsugjp/skills/plugins/github-plan-wiki
  active_owner: tfsugjp/skills/plugins/github-plan-wiki
  content_hash: sha256:6e6bbb603ef4f1ed89a4c3f22bf48e57627278b9c00e57764500e6c83dc6e1b5
- kind: project-relative
  target: codex
  value: .agents/skills/github-wiki-plan
  runtime: null
  scope: project
  owners:
  - tfsugjp/skills/plugins/github-plan-wiki
  active_owner: tfsugjp/skills/plugins/github-plan-wiki
  content_hash: null
- kind: project-relative
  target: codex
  value: .agents/skills/github-wiki-plan/SKILL.md
  runtime: null
  scope: project
  owners:
  - tfsugjp/skills/plugins/github-plan-wiki
  active_owner: tfsugjp/skills/plugins/github-plan-wiki
  content_hash: sha256:aa1d43ce3424dc340c73a8cf7e1cb04fa833b314a04bb90fd1a16ad8cc8342e1
- kind: project-relative
  target: codex
  value: .agents/skills/github-wiki-plan/scripts/validate_wiki.py
  runtime: null
  scope: project
  owners:
  - tfsugjp/skills/plugins/github-plan-wiki
  active_owner: tfsugjp/skills/plugins/github-plan-wiki
  content_hash: sha256:f5d39396fb73302adbc2a50cfd55e00c3be6a099695a121221aa2124262ab65b
- kind: project-relative
  target: codex
  value: .agents/skills/github-wiki-plan/templates/home.md
  runtime: null
  scope: project
  owners:
  - tfsugjp/skills/plugins/github-plan-wiki
  active_owner: tfsugjp/skills/plugins/github-plan-wiki
  content_hash: sha256:9cd9da840f136f516f949cf15af96ed2f6ba8218278459c8c5395397549dd5b9
- kind: project-relative
  target: codex
  value: .agents/skills/github-wiki-plan/templates/home_ja.md
  runtime: null
  scope: project
  owners:
  - tfsugjp/skills/plugins/github-plan-wiki
  active_owner: tfsugjp/skills/plugins/github-plan-wiki
  content_hash: sha256:6a75a1870e9cf466cf0a189b69d00d71d9c9b458b52fbf166d1189bf0cf3d051
- kind: project-relative
  target: codex
  value: .agents/skills/github-wiki-plan/templates/plan-page.md
  runtime: null
  scope: project
  owners:
  - tfsugjp/skills/plugins/github-plan-wiki
  active_owner: tfsugjp/skills/plugins/github-plan-wiki
  content_hash: sha256:8a3bfaf287d2204b1039abc9ed945b2d8b5c23b5b43211fbc68daba5f92ff9d4
- kind: project-relative
  target: codex
  value: .agents/skills/github-wiki-plan/tests/test_wiki_links.py
  runtime: null
  scope: project
  owners:
  - tfsugjp/skills/plugins/github-plan-wiki
  active_owner: tfsugjp/skills/plugins/github-plan-wiki
  content_hash: sha256:638d037351acd8d2bb9bcab5976d94c89948e53a6ca35b2ea4dd0de19bd8d05f
- kind: project-relative
  target: codex
  value: .codex/agents/api-architect.toml
  runtime: null
  scope: project
  owners:
  - github/awesome-copilot/agents/api-architect.agent.md
  active_owner: github/awesome-copilot/agents/api-architect.agent.md
  content_hash: sha256:a067567cb324a19484096a72d29f85bc00affebb74a07a6be8b2908c18f22e85
- kind: project-relative
  target: copilot
  value: .github/agents/api-architect.agent.md
  runtime: null
  scope: project
  owners:
  - github/awesome-copilot/agents/api-architect.agent.md
  active_owner: github/awesome-copilot/agents/api-architect.agent.md
  content_hash: sha256:0a503c0c0d18b1e78645262e12d70857978f14463e1bbb1db8fc80451ed50e41
